
Microsoft Visual Studio Solution File, Format Version 12.00
# Visual Studio Version 17
VisualStudioVersion = 17.3.32922.545
MinimumVisualStudioVersion = 10.0.40219.1
Project("{FAE04EC0-301F-11D3-BF4B-00C04F79EFBC}") = "Models", "Models\Models.csproj", "{6C49A774-19E2-47FB-9F3B-5B5194AADF93}"
EndProject
Project("{9A19103F-16F7-4668-BE54-9A1E7A4F7556}") = "AirCraftAPI", "AirCraftAPI\AirCraftAPI.csproj", "{8C4CC2FD-C507-4C61-820E-7AC051E41DE3}"
EndProject
Project("{9A19103F-16F7-4668-BE54-9A1E7A4F7556}") = "FlightsAPI", "FlightsAPI\FlightsAPI.csproj", "{8CA0EDD8-7CA4-46A2-97D7-4DF71A77FBD9}"
EndProject
Project("{FAE04EC0-301F-11D3-BF4B-00C04F79EFBC}") = "APIViaCep", "APIViaCep\APIViaCep.csproj", "{8044D96D-3ABA-40AD-B989-A592304503AE}"
EndProject
Project("{9A19103F-16F7-4668-BE54-9A1E7A4F7556}") = "PassengerAPI", "PassengerAPI\PassengerAPI.csproj", "{A6AB4982-9541-4868-BE02-525011DD65C8}"
EndProject
Project("{9A19103F-16F7-4668-BE54-9A1E7A4F7556}") = "CompanyAPI", "CompanyAPI\CompanyAPI.csproj", "{47D9ADF2-CED1-4CD1-8BE5-7764D1CAC902}"
EndProject
Project("{FAE04EC0-301F-11D3-BF4B-00C04F79EFBC}") = "SaleAPI", "SaleAPI\SaleAPI.csproj", "{282BC4AB-F6F2-484A-8E70-2A31EC5E988B}"
EndProject
Global
	GlobalSection(SolutionConfigurationPlatforms) = preSolution
		Debug|Any CPU = Debug|Any CPU
		Release|Any CPU = Release|Any CPU
	EndGlobalSection
	GlobalSection(ProjectConfigurationPlatforms) = postSolution
		{6C49A774-19E2-47FB-9F3B-5B5194AADF93}.Debug|Any CPU.ActiveCfg = Debug|Any CPU
		{6C49A774-19E2-47FB-9F3B-5B5194AADF93}.Debug|Any CPU.Build.0 = Debug|Any CPU
		{6C49A774-19E2-47FB-9F3B-5B5194AADF93}.Release|Any CPU.ActiveCfg = Release|Any CPU
		{6C49A774-19E2-47FB-9F3B-5B5194AADF93}.Release|Any CPU.Build.0 = Release|Any CPU
		{8C4CC2FD-C507-4C61-820E-7AC051E41DE3}.Debug|Any CPU.ActiveCfg = Debug|Any CPU
		{8C4CC2FD-C507-4C61-820E-7AC051E41DE3}.Debug|Any CPU.Build.0 = Debug|Any CPU
		{8C4CC2FD-C507-4C61-820E-7AC051E41DE3}.Release|Any CPU.ActiveCfg = Release|Any CPU
		{8C4CC2FD-C507-4C61-820E-7AC051E41DE3}.Release|Any CPU.Build.0 = Release|Any CPU
		{8CA0EDD8-7CA4-46A2-97D7-4DF71A77FBD9}.Debug|Any CPU.ActiveCfg = Debug|Any CPU
		{8CA0EDD8-7CA4-46A2-97D7-4DF71A77FBD9}.Debug|Any CPU.Build.0 = Debug|Any CPU
		{8CA0EDD8-7CA4-46A2-97D7-4DF71A77FBD9}.Release|Any CPU.ActiveCfg = Release|Any CPU
		{8CA0EDD8-7CA4-46A2-97D7-4DF71A77FBD9}.Release|Any CPU.Build.0 = Release|Any CPU
		{8044D96D-3ABA-40AD-B989-A592304503AE}.Debug|Any CPU.ActiveCfg = Debug|Any CPU
		{8044D96D-3ABA-40AD-B989-A592304503AE}.Debug|Any CPU.Build.0 = Debug|Any CPU
		{8044D96D-3ABA-40AD-B989-A592304503AE}.Release|Any CPU.ActiveCfg = Release|Any CPU
		{8044D96D-3ABA-40AD-B989-A592304503AE}.Release|Any CPU.Build.0 = Release|Any CPU
		{A6AB4982-9541-4868-BE02-525011DD65C8}.Debug|Any CPU.ActiveCfg = Debug|Any CPU
		{A6AB4982-9541-4868-BE02-525011DD65C8}.Debug|Any CPU.Build.0 = Debug|Any CPU
		{A6AB4982-9541-4868-BE02-525011DD65C8}.Release|Any CPU.ActiveCfg = Release|Any CPU
		{A6AB4982-9541-4868-BE02-525011DD65C8}.Release|Any CPU.Build.0 = Release|Any CPU
		{47D9ADF2-CED1-4CD1-8BE5-7764D1CAC902}.Debug|Any CPU.ActiveCfg = Debug|Any CPU
		{47D9ADF2-CED1-4CD1-8BE5-7764D1CAC902}.Debug|Any CPU.Build.0 = Debug|Any CPU
		{47D9ADF2-CED1-4CD1-8BE5-7764D1CAC902}.Release|Any CPU.ActiveCfg = Release|Any CPU
		{47D9ADF2-CED1-4CD1-8BE5-7764D1CAC902}.Release|Any CPU.Build.0 = Release|Any CPU
		{282BC4AB-F6F2-484A-8E70-2A31EC5E988B}.Debug|Any CPU.ActiveCfg = Debug|Any CPU
		{282BC4AB-F6F2-484A-8E70-2A31EC5E988B}.Debug|Any CPU.Build.0 = Debug|Any CPU
		{282BC4AB-F6F2-484A-8E70-2A31EC5E988B}.Release|Any CPU.ActiveCfg = Release|Any CPU
		{282BC4AB-F6F2-484A-8E70-2A31EC5E988B}.Release|Any CPU.Build.0 = Release|Any CPU
	EndGlobalSection
	GlobalSection(SolutionProperties) = preSolution
		HideSolutionNode = FALSE
	EndGlobalSection
	GlobalSection(ExtensibilityGlobals) = postSolution
		SolutionGuid = {B64B70CD-0C6C-4E2E-BF89-294841E170CB}
	EndGlobalSection
EndGlobal
